{
  "name": "stupid-player",
  "version": "0.3.1",
  "lockfileVersion": 1,
  "requires": true,
  "dependencies": {
    "@types/chai": {
      "version": "3.5.0",
      "resolved": "https://registry.npmjs.org/@types/chai/-/chai-3.5.0.tgz",
      "integrity": "sha1-ReLcKvmlcnvoRq9uYdCP/EXVsso=",
      "dev": true
    },
    "@types/mocha": {
      "version": "2.2.40",
      "resolved": "https://registry.npmjs.org/@types/mocha/-/mocha-2.2.40.tgz",
      "integrity": "sha1-mBHdgA7OVEzYS1uFmRe/WEoVDEw=",
      "dev": true
    },
    "@types/node": {
      "version": "7.0.12",
      "resolved": "https://registry.npmjs.org/@types/node/-/node-7.0.12.tgz",
      "integrity": "sha1-rl9noZwV91IUgATbB8u7Ny5p78k=",
      "dev": true
    },
    "balanced-match": {
      "version": "1.0.0",
      "resolved": "https://registry.npmjs.org/balanced-match/-/balanced-match-1.0.0.tgz",
      "integrity": "sha1-ibTRmasr7kneFk6gK4nORi1xt2c=",
      "dev": true
    },
    "bindings": {
      "version": "1.5.0",
      "resolved": "https://registry.npmjs.org/bindings/-/bindings-1.5.0.tgz",
      "integrity": "sha512-p2q/t/mhvuOj/UeLlV6566GD/guowlr0hHxClI0W9m7MWYkL1F0hLo+0Aexs9HSPCtR1SXQ0TD3MMKrXZajbiQ==",
      "requires": {
        "file-uri-to-path": "1.0.0"
      }
    },
    "brace-expansion": {
      "version": "1.1.11",
      "resolved": "https://registry.npmjs.org/brace-expansion/-/brace-expansion-1.1.11.tgz",
      "integrity": "sha512-iCuPHDFgrHX7H2vEI/5xpz07zSHB00TpugqhmYtVmMO6518mCuRMoOYFldEBl0g187ufozdaHgWKcYFb61qGiA==",
      "dev": true,
      "requires": {
        "balanced-match": "^1.0.0",
        "concat-map": "0.0.1"
      }
    },
    "browser-stdout": {
      "version": "1.3.0",
      "resolved": "https://registry.npmjs.org/browser-stdout/-/browser-stdout-1.3.0.tgz",
      "integrity": "sha1-81HTKWnTL6XXpVZxVCY9korjvR8=",
      "dev": true
    },
    "buffer-alloc": {
      "version": "1.2.0",
      "resolved": "https://registry.npmjs.org/buffer-alloc/-/buffer-alloc-1.2.0.tgz",
      "integrity": "sha512-CFsHQgjtW1UChdXgbyJGtnm+O/uLQeZdtbDo8mfUgYXCHSM1wgrVxXm6bSyrUuErEb+4sYVGCzASBRot7zyrow==",
      "requires": {
        "buffer-alloc-unsafe": "^1.1.0",
        "buffer-fill": "^1.0.0"
      }
    },
    "buffer-alloc-unsafe": {
      "version": "1.1.0",
      "resolved": "https://registry.npmjs.org/buffer-alloc-unsafe/-/buffer-alloc-unsafe-1.1.0.tgz",
      "integrity": "sha512-TEM2iMIEQdJ2yjPJoSIsldnleVaAk1oW3DBVUykyOLsEsFmEc9kn+SFFPz+gl54KQNxlDnAwCXosOS9Okx2xAg=="
    },
    "buffer-fill": {
      "version": "1.0.0",
      "resolved": "https://registry.npmjs.org/buffer-fill/-/buffer-fill-1.0.0.tgz",
      "integrity": "sha1-+PeLdniYiO858gXNY39o5wISKyw="
    },
    "commander": {
      "version": "2.9.0",
      "resolved": "https://registry.npmjs.org/commander/-/commander-2.9.0.tgz",
      "integrity": "sha1-nJkJQXbhIkDLItbFFGCYQA/g99Q=",
      "dev": true,
      "requires": {
        "graceful-readlink": ">= 1.0.0"
      }
    },
    "concat-map": {
      "version": "0.0.1",
      "resolved": "https://registry.npmjs.org/concat-map/-/concat-map-0.0.1.tgz",
      "integrity": "sha1-2Klr13/Wjfd5OnMDajug1UBdR3s=",
      "dev": true
    },
    "core-util-is": {
      "version": "1.0.2",
      "resolved": "https://registry.npmjs.org/core-util-is/-/core-util-is-1.0.2.tgz",
      "integrity": "sha1-tf1UIgqivFq1eqtxQMlAdUUDwac="
    },
    "debug": {
      "version": "2.6.0",
      "resolved": "https://registry.npmjs.org/debug/-/debug-2.6.0.tgz",
      "integrity": "sha1-vFlryr52F/Edn6FTYe3tVgi4SZs=",
      "requires": {
        "ms": "0.7.2"
      }
    },
    "diff": {
      "version": "3.2.0",
      "resolved": "https://registry.npmjs.org/diff/-/diff-3.2.0.tgz",
      "integrity": "sha1-yc45Okt8vQsFinJck98pkCeGj/k=",
      "dev": true
    },
    "escape-string-regexp": {
      "version": "1.0.5",
      "resolved": "https://registry.npmjs.org/escape-string-regexp/-/escape-string-regexp-1.0.5.tgz",
      "integrity": "sha1-G2HAViGQqN/2rjuyzwIAyhMLhtQ=",
      "dev": true
    },
    "file-uri-to-path": {
      "version": "1.0.0",
      "resolved": "https://registry.npmjs.org/file-uri-to-path/-/file-uri-to-path-1.0.0.tgz",
      "integrity": "sha512-0Zt+s3L7Vf1biwWZ29aARiVYLx7iMGnEUl9x33fbB/j3jR81u/O2LbqK+Bm1CDSNDKVtJ/YjwY7TUd5SkeLQLw=="
    },
    "fs.realpath": {
      "version": "1.0.0",
      "resolved": "https://registry.npmjs.org/fs.realpath/-/fs.realpath-1.0.0.tgz",
      "integrity": "sha1-FQStJSMVjKpA20onh8sBQRmU6k8=",
      "dev": true
    },
    "glob": {
      "version": "7.1.1",
      "resolved": "https://registry.npmjs.org/glob/-/glob-7.1.1.tgz",
      "integrity": "sha1-gFIR3wT6rxxjo2ADBs31reULLsg=",
      "dev": true,
      "requires": {
        "fs.realpath": "^1.0.0",
        "inflight": "^1.0.4",
        "inherits": "2",
        "minimatch": "^3.0.2",
        "once": "^1.3.0",
        "path-is-absolute": "^1.0.0"
      }
    },
    "graceful-readlink": {
      "version": "1.0.1",
      "resolved": "https://registry.npmjs.org/graceful-readlink/-/graceful-readlink-1.0.1.tgz",
      "integrity": "sha1-TK+tdrxi8C+gObL5Tpo906ORpyU=",
      "dev": true
    },
    "growl": {
      "version": "1.9.2",
      "resolved": "https://registry.npmjs.org/growl/-/growl-1.9.2.tgz",
      "integrity": "sha1-Dqd0NxXbjY3ixe3hd14bRayFwC8=",
      "dev": true
    },
    "has-flag": {
      "version": "1.0.0",
      "resolved": "https://registry.npmjs.org/has-flag/-/has-flag-1.0.0.tgz",
      "integrity": "sha1-nZ55MWXOAXoA8AQYxD+UKnsdEfo=",
      "dev": true
    },
    "inflight": {
      "version": "1.0.6",
      "resolved": "https://registry.npmjs.org/inflight/-/inflight-1.0.6.tgz",
      "integrity": "sha1-Sb1jMdfQLQwJvJEKEHW6gWW1bfk=",
      "dev": true,
      "requires": {
        "once": "^1.3.0",
        "wrappy": "1"
      }
    },
    "inherits": {
      "version": "2.0.4",
      "resolved": "https://registry.npmjs.org/inherits/-/inherits-2.0.4.tgz",
      "integrity": "sha512-k/vGaX4/Yla3WzyMCvTQOXYeIHvqOKtnqBduzTHpzpQZzAskKMhZ2K+EnBiSM9zGSoIFeMpXKxa4dYeZIQqewQ=="
    },
    "isarray": {
      "version": "1.0.0",
      "resolved": "https://registry.npmjs.org/isarray/-/isarray-1.0.0.tgz",
      "integrity": "sha1-u5NdSFgsuhaMBoNJV6VKPgcSTxE="
    },
    "json3": {
      "version": "3.3.2",
      "resolved": "https://registry.npmjs.org/json3/-/json3-3.3.2.tgz",
      "integrity": "sha1-PAQ0dD35Pi9cQq7nsZvLSDV19OE=",
      "dev": true
    },
    "lame": {
      "version": "git://github.com/TooTallNate/node-lame.git#596ce2957ed60250cf26b914608f4be75319294a",
      "from": "git://github.com/TooTallNate/node-lame.git#596ce2957ed60250cf26b914608f4be75319294a",
      "requires": {
        "bindings": "~1.2.0",
        "debug": "2",
        "nan": "~2.3.5",
        "readable-stream": "1.0"
      },
      "dependencies": {
        "bindings": {
          "version": "1.2.1",
          "resolved": "https://registry.npmjs.org/bindings/-/bindings-1.2.1.tgz",
          "integrity": "sha1-FK1hE4EtLTfXLme0ystLtyZQXxE="
        },
        "isarray": {
          "version": "0.0.1",
          "resolved": "https://registry.npmjs.org/isarray/-/isarray-0.0.1.tgz",
          "integrity": "sha1-ihis/Kmo9Bd+Cav8YDiTmwXR7t8="
        },
        "nan": {
          "version": "2.3.5",
          "resolved": "https://registry.npmjs.org/nan/-/nan-2.3.5.tgz",
          "integrity": "sha1-gioNwmYpDOTNOhIoLKPn42Rmigg="
        },
        "readable-stream": {
          "version": "1.0.34",
          "resolved": "https://registry.npmjs.org/readable-stream/-/readable-stream-1.0.34.tgz",
          "integrity": "sha1-Elgg40vIQtLyqq+v5MKRbuMsFXw=",
          "requires": {
            "core-util-is": "~1.0.0",
            "inherits": "~2.0.1",
            "isarray": "0.0.1",
            "string_decoder": "~0.10.x"
          }
        },
        "string_decoder": {
          "version": "0.10.31",
          "resolved": "https://registry.npmjs.org/string_decoder/-/string_decoder-0.10.31.tgz",
          "integrity": "sha1-YuIDvEF2bGwoyfyEMB2rHFMQ+pQ="
        }
      }
    },
    "lodash._baseassign": {
      "version": "3.2.0",
      "resolved": "https://registry.npmjs.org/lodash._baseassign/-/lodash._baseassign-3.2.0.tgz",
      "integrity": "sha1-jDigmVAPIVrQnlnxci/QxSv+Ck4=",
      "dev": true,
      "requires": {
        "lodash._basecopy": "^3.0.0",
        "lodash.keys": "^3.0.0"
      }
    },
    "lodash._basecopy": {
      "version": "3.0.1",
      "resolved": "https://registry.npmjs.org/lodash._basecopy/-/lodash._basecopy-3.0.1.tgz",
      "integrity": "sha1-jaDmqHbPNEwK2KVIghEd08XHyjY=",
      "dev": true
    },
    "lodash._basecreate": {
      "version": "3.0.3",
      "resolved": "https://registry.npmjs.org/lodash._basecreate/-/lodash._basecreate-3.0.3.tgz",
      "integrity": "sha1-G8ZhYU2qf8MRt9A78WgGoCE8+CE=",
      "dev": true
    },
    "lodash._getnative": {
      "version": "3.9.1",
      "resolved": "https://registry.npmjs.org/lodash._getnative/-/lodash._getnative-3.9.1.tgz",
      "integrity": "sha1-VwvH3t5G1hzc3mh9ZdPuy6o6r/U=",
      "dev": true
    },
    "lodash._isiterateecall": {
      "version": "3.0.9",
      "resolved": "https://registry.npmjs.org/lodash._isiterateecall/-/lodash._isiterateecall-3.0.9.tgz",
      "integrity": "sha1-UgOte6Ql+uhCRg5pbbnPPmqsBXw=",
      "dev": true
    },
    "lodash.create": {
      "version": "3.1.1",
      "resolved": "https://registry.npmjs.org/lodash.create/-/lodash.create-3.1.1.tgz",
      "integrity": "sha1-1/KEnw29p+BGgruM1yqwIkYd6+c=",
      "dev": true,
      "requires": {
        "lodash._baseassign": "^3.0.0",
        "lodash._basecreate": "^3.0.0",
        "lodash._isiterateecall": "^3.0.0"
      }
    },
    "lodash.isarguments": {
      "version": "3.1.0",
      "resolved": "https://registry.npmjs.org/lodash.isarguments/-/lodash.isarguments-3.1.0.tgz",
      "integrity": "sha1-L1c9hcaiQon/AGY7SRwdM4/zRYo=",
      "dev": true
    },
    "lodash.isarray": {
      "version": "3.0.4",
      "resolved": "https://registry.npmjs.org/lodash.isarray/-/lodash.isarray-3.0.4.tgz",
      "integrity": "sha1-eeTriMNqgSKvhvhEqpvNhRtfu1U=",
      "dev": true
    },
    "lodash.keys": {
      "version": "3.1.2",
      "resolved": "https://registry.npmjs.org/lodash.keys/-/lodash.keys-3.1.2.tgz",
      "integrity": "sha1-TbwEcrFWvlCgsoaFXRvQsMZWCYo=",
      "dev": true,
      "requires": {
        "lodash._getnative": "^3.0.0",
        "lodash.isarguments": "^3.0.0",
        "lodash.isarray": "^3.0.0"
      }
    },
    "minimatch": {
      "version": "3.0.4",
      "resolved": "https://registry.npmjs.org/minimatch/-/minimatch-3.0.4.tgz",
      "integrity": "sha512-yJHVQEhyqPLUTgt9B83PXu6W3rx4MvvHvSUvToogpwoGDOUQ+yDrR0HRot+yOCdCO7u4hX3pWft6kWBBcqh0UA==",
      "dev": true,
      "requires": {
        "brace-expansion": "^1.1.7"
      }
    },
    "minimist": {
      "version": "0.0.8",
      "resolved": "https://registry.npmjs.org/minimist/-/minimist-0.0.8.tgz",
      "integrity": "sha1-hX/Kv8M5fSYluCKCYuhqp6ARsF0=",
      "dev": true
    },
    "mkdirp": {
      "version": "0.5.1",
      "resolved": "https://registry.npmjs.org/mkdirp/-/mkdirp-0.5.1.tgz",
      "integrity": "sha1-MAV0OOrGz3+MR2fzhkjWaX11yQM=",
      "dev": true,
      "requires": {
        "minimist": "0.0.8"
      }
    },
    "mocha": {
      "version": "3.4.1",
      "resolved": "https://registry.npmjs.org/mocha/-/mocha-3.4.1.tgz",
      "integrity": "sha1-o4ArSqOBk0yss43nDPdxYh2o+a8=",
      "dev": true,
      "requires": {
        "browser-stdout": "1.3.0",
        "commander": "2.9.0",
        "debug": "2.6.0",
        "diff": "3.2.0",
        "escape-string-regexp": "1.0.5",
        "glob": "7.1.1",
        "growl": "1.9.2",
        "json3": "3.3.2",
        "lodash.create": "3.1.1",
        "mkdirp": "0.5.1",
        "supports-color": "3.1.2"
      }
    },
    "ms": {
      "version": "0.7.2",
      "resolved": "https://registry.npmjs.org/ms/-/ms-0.7.2.tgz",
      "integrity": "sha1-riXPJRKziFodldfwN4aNhDESR2U="
    },
    "nan": {
      "version": "2.14.2",
      "resolved": "https://registry.npmjs.org/nan/-/nan-2.14.2.tgz",
      "integrity": "sha512-M2ufzIiINKCuDfBSAUr1vWQ+vuVcA9kqx8JJUsbQi6yf1uGRyb7HfpdfUr5qLXf3B/t8dPvcjhKMmlfnP47EzQ=="
    },
    "node-mpg123-util": {
      "version": "git://github.com/kicumkicum/node-mpg123-util.git#ae4d21561641ed13a8c2c9fb459b3db18ae9bc4f",
      "from": "git://github.com/kicumkicum/node-mpg123-util.git#ae4d215",
      "requires": {
        "bindings": "~1.2.1",
        "nan": "2.3.5"
      },
      "dependencies": {
        "bindings": {
          "version": "1.2.1",
          "resolved": "https://registry.npmjs.org/bindings/-/bindings-1.2.1.tgz",
          "integrity": "sha1-FK1hE4EtLTfXLme0ystLtyZQXxE="
        },
        "nan": {
          "version": "2.3.5",
          "resolved": "https://registry.npmjs.org/nan/-/nan-2.3.5.tgz",
          "integrity": "sha1-gioNwmYpDOTNOhIoLKPn42Rmigg="
        }
      }
    },
    "once": {
      "version": "1.4.0",
      "resolved": "https://registry.npmjs.org/once/-/once-1.4.0.tgz",
      "integrity": "sha1-WDsap3WWHUsROsF9nFC6753Xa9E=",
      "dev": true,
      "requires": {
        "wrappy": "1"
      }
    },
    "path-is-absolute": {
      "version": "1.0.1",
      "resolved": "https://registry.npmjs.org/path-is-absolute/-/path-is-absolute-1.0.1.tgz",
      "integrity": "sha1-F0uSaHNVNP+8es5r9TpanhtcX18=",
      "dev": true
    },
    "process-nextick-args": {
      "version": "2.0.1",
      "resolved": "https://registry.npmjs.org/process-nextick-args/-/process-nextick-args-2.0.1.tgz",
      "integrity": "sha512-3ouUOpQhtgrbOa17J7+uxOTpITYWaGP7/AhoR3+A+/1e9skrzelGi/dXzEYyvbxubEF6Wn2ypscTKiKJFFn1ag=="
    },
    "promise": {
      "version": "7.0.4",
      "resolved": "https://registry.npmjs.org/promise/-/promise-7.0.4.tgz",
      "integrity": "sha1-Nj6EpMNsg1a4kP7WLJHOhdAu1Tk=",
      "requires": {
        "asap": "~2.0.3"
      },
      "dependencies": {
        "asap": {
          "version": "2.0.3",
          "resolved": "https://registry.npmjs.org/asap/-/asap-2.0.3.tgz",
          "integrity": "sha1-H8HRVk7hFiDfym1nAphQkT+fRnk="
        }
      }
    },
    "readable-stream": {
      "version": "2.3.7",
      "resolved": "https://registry.npmjs.org/readable-stream/-/readable-stream-2.3.7.tgz",
      "integrity": "sha512-Ebho8K4jIbHAxnuxi7o42OrZgF/ZTNcsZj6nRKyUmkhLFq8CHItp/fy6hQZuZmP/n3yZ9VBUbp4zz/mX8hmYPw==",
      "requires": {
        "core-util-is": "~1.0.0",
        "inherits": "~2.0.3",
        "isarray": "~1.0.0",
        "process-nextick-args": "~2.0.0",
        "safe-buffer": "~5.1.1",
        "string_decoder": "~1.1.1",
        "util-deprecate": "~1.0.1"
      }
    },
    "safe-buffer": {
      "version": "5.1.2",
      "resolved": "https://registry.npmjs.org/safe-buffer/-/safe-buffer-5.1.2.tgz",
      "integrity": "sha512-Gd2UZBJDkXlY7GbJxfsE8/nvKkUEU1G38c1siN6QP6a9PT9MmHB8GnpscSmMJSoF8LOIrt8ud/wPtojys4G6+g=="
    },
    "speaker": {
      "version": "0.4.0",
      "resolved": "https://registry.npmjs.org/speaker/-/speaker-0.4.0.tgz",
      "integrity": "sha512-+RBB17n43y6ATvSo9tl/+bWm7OJlaWdyQzlAUmFVESqsKRK7d4M/38tH1Ex7XBnuSfWhxS8eBga5qtiehjUPWA==",
      "requires": {
        "bindings": "^1.3.0",
        "buffer-alloc": "^1.1.0",
        "debug": "^3.0.1",
        "nan": "^2.6.2",
        "readable-stream": "^2.3.3"
      },
      "dependencies": {
        "debug": {
          "version": "3.2.7",
          "resolved": "https://registry.npmjs.org/debug/-/debug-3.2.7.tgz",
          "integrity": "sha512-CFjzYYAi4ThfiQvizrFQevTTXHtnCqWfe7x1AhgEscTz6ZbLbfoLRLPugTQyBth6f8ZERVUSyWHFD/7Wu4t1XQ==",
          "requires": {
            "ms": "^2.1.1"
          }
        },
        "ms": {
          "version": "2.1.3",
          "resolved": "https://registry.npmjs.org/ms/-/ms-2.1.3.tgz",
          "integrity": "sha512-6FlzubTLZG3J2a/NVCAleEhjzq5oxgHyaCU9yYXvcLsvoVaHJq/s5xXI6/XXP6tz7R9xAOtHnSO/tXtF3WRTlA=="
        }
      }
    },
    "string_decoder": {
      "version": "1.1.1",
      "resolved": "https://registry.npmjs.org/string_decoder/-/string_decoder-1.1.1.tgz",
      "integrity": "sha512-n/ShnvDi6FHbbVfviro+WojiFzv+s8MPMHBczVePfUpDJLwoLT0ht1l4YwBCbi8pJAveEEdnkHyPyTP/mzRfwg==",
      "requires": {
        "safe-buffer": "~5.1.0"
      }
    },
    "supports-color": {
      "version": "3.1.2",
      "resolved": "https://registry.npmjs.org/supports-color/-/supports-color-3.1.2.tgz",
      "integrity": "sha1-cqJiiU2dQIuVbKBf83su2KbiotU=",
      "dev": true,
      "requires": {
        "has-flag": "^1.0.0"
      }
    },
    "typescript": {
      "version": "2.9.2",
      "resolved": "https://registry.npmjs.org/typescript/-/typescript-2.9.2.tgz",
      "integrity": "sha512-Gr4p6nFNaoufRIY4NMdpQRNmgxVIGMs4Fcu/ujdYk3nAZqk7supzBE9idmvfZIlH/Cuj//dvi+019qEue9lV0w==",
      "dev": true
    },
    "util-deprecate": {
      "version": "1.0.2",
      "resolved": "https://registry.npmjs.org/util-deprecate/-/util-deprecate-1.0.2.tgz",
      "integrity": "sha1-RQ1Nyfpw3nMnYvvS1KKJgUGaDM8="
    },
    "wrappy": {
      "version": "1.0.2",
      "resolved": "https://registry.npmjs.org/wrappy/-/wrappy-1.0.2.tgz",
      "integrity": "sha1-tSQ9jz7BqjXxNkYFvA0QNuMKtp8=",
      "dev": true
    }
  }
}
